{
  "version": 4,
  "terraform_version": "1.11.4",
  "serial": 593,
  "lineage": "ba30ff07-a1d4-8aba-e274-4cdab9c9ea64",
  "outputs": {},
  "resources": [
    {
      "module": "module.bedrock",
      "mode": "managed",
      "type": "aws_opensearchserverless_collection",
      "name": "query_history_kb",
      "provider": "provider[\"registry.terraform.io/hashicorp/aws\"]",
      "instances": [
        {
          "schema_version": 0,
          "attributes": {
            "arn": "arn:aws:aoss:us-east-1:952262428733:collection/30at11k3xh977ysujez0",
            "collection_endpoint": "https://30at11k3xh977ysujez0.us-east-1.aoss.amazonaws.com",
            "dashboard_endpoint": "https://30at11k3xh977ysujez0.us-east-1.aoss.amazonaws.com/_dashboards",
            "description": null,
            "id": "30at11k3xh977ysujez0",
            "kms_key_arn": "auto",
            "name": "query-history-kb",
            "standby_replicas": "ENABLED",
            "tags": null,
            "tags_all": {},
            "timeouts": null,
            "type": "VECTORSEARCH"
          },
          "sensitive_attributes": [],
          "dependencies": [
            "module.bedrock.aws_opensearchserverless_security_policy.query_history_encryption_policy"
          ]
        }
      ]
    },
    {
      "module": "module.bedrock",
      "mode": "managed",
      "type": "aws_opensearchserverless_security_policy",
      "name": "encryption_policy",
      "provider": "provider[\"registry.terraform.io/hashicorp/aws\"]",
      "instances": [
        {
          "schema_version": 0,
          "attributes": {
            "description": null,
            "id": "opensearch-encryption-policy",
            "name": "opensearch-encryption-policy",
            "policy": "{\"AWSOwnedKey\":true,\"Rules\":[{\"Resource\":[\"collection/schema-kb\"],\"ResourceType\":\"collection\"}]}",
            "policy_version": "MTc0NDY5NTM1MjY1MF8x",
            "type": "encryption"
          },
          "sensitive_attributes": []
        }
      ]
    },
    {
      "module": "module.bedrock",
      "mode": "managed",
      "type": "aws_opensearchserverless_security_policy",
      "name": "query_history_encryption_policy",
      "provider": "provider[\"registry.terraform.io/hashicorp/aws\"]",
      "instances": [
        {
          "schema_version": 0,
          "attributes": {
            "description": null,
            "id": "encryption-policy-query-history",
            "name": "encryption-policy-query-history",
            "policy": "{\"AWSOwnedKey\":true,\"Rules\":[{\"Resource\":[\"collection/query-history-kb\"],\"ResourceType\":\"collection\"}]}",
            "policy_version": "MTc0NDY5NTM1MjMyNl8x",
            "type": "encryption"
          },
          "sensitive_attributes": []
        }
      ]
    },
    {
      "module": "module.bedrock",
      "mode": "managed",
      "type": "opensearch_index",
      "name": "query_history_kb",
      "provider": "module.bedrock.provider[\"registry.terraform.io/opensearch-project/opensearch\"].query",
      "instances": [
        {
          "schema_version": 0,
          "attributes": {
            "aliases": null,
            "analysis_analyzer": null,
            "analysis_char_filter": null,
            "analysis_filter": null,
            "analysis_normalizer": null,
            "analysis_tokenizer": null,
            "analyze_max_token_count": null,
            "auto_expand_replicas": null,
            "blocks_metadata": null,
            "blocks_read": null,
            "blocks_read_only": null,
            "blocks_read_only_allow_delete": null,
            "blocks_write": null,
            "codec": null,
            "default_pipeline": null,
            "force_destroy": true,
            "gc_deletes": null,
            "highlight_max_analyzed_offset": null,
            "id": "bedrock-knowledge-base-default-index",
            "include_type_name": null,
            "index_knn": true,
            "index_knn_algo_param_ef_search": "512",
            "index_similarity_default": null,
            "indexing_slowlog_level": null,
            "indexing_slowlog_source": null,
            "indexing_slowlog_threshold_index_debug": null,
            "indexing_slowlog_threshold_index_info": null,
            "indexing_slowlog_threshold_index_trace": null,
            "indexing_slowlog_threshold_index_warn": null,
            "load_fixed_bitset_filters_eagerly": null,
            "mappings": "{\"properties\":{\"AMAZON_BEDROCK_METADATA\":{\"index\":false,\"type\":\"text\"},\"AMAZON_BEDROCK_TEXT_CHUNK\":{\"type\":\"text\"},\"bedrock-knowledge-base-default-vector\":{\"dimension\":1024,\"method\":{\"engine\":\"faiss\",\"name\":\"hnsw\",\"parameters\":{\"ef_construction\":512,\"m\":16},\"space_type\":\"l2\"},\"type\":\"knn_vector\"}}}",
            "max_docvalue_fields_search": null,
            "max_inner_result_window": null,
            "max_ngram_diff": null,
            "max_refresh_listeners": null,
            "max_regex_length": null,
            "max_rescore_window": null,
            "max_result_window": null,
            "max_script_fields": null,
            "max_shingle_diff": null,
            "max_terms_count": null,
            "name": "bedrock-knowledge-base-default-index",
            "number_of_replicas": "0",
            "number_of_routing_shards": null,
            "number_of_shards": "2",
            "refresh_interval": null,
            "rollover_alias": null,
            "routing_allocation_enable": null,
            "routing_partition_size": null,
            "routing_rebalance_enable": null,
            "search_idle_after": null,
            "search_slowlog_level": null,
            "search_slowlog_threshold_fetch_debug": null,
            "search_slowlog_threshold_fetch_info": null,
            "search_slowlog_threshold_fetch_trace": null,
            "search_slowlog_threshold_fetch_warn": null,
            "search_slowlog_threshold_query_debug": null,
            "search_slowlog_threshold_query_info": null,
            "search_slowlog_threshold_query_trace": null,
            "search_slowlog_threshold_query_warn": null,
            "shard_check_on_startup": null,
            "sort_field": null,
            "sort_order": null
          },
          "sensitive_attributes": [],
          "private": "bnVsbA==",
          "dependencies": [
            "module.bedrock.aws_opensearchserverless_collection.query_history_kb",
            "module.bedrock.aws_opensearchserverless_security_policy.query_history_encryption_policy"
          ]
        }
      ]
    },
    {
      "module": "module.bedrock",
      "mode": "managed",
      "type": "opensearch_index",
      "name": "schema_kb",
      "provider": "module.bedrock.provider[\"registry.terraform.io/opensearch-project/opensearch\"].schema",
      "instances": [
        {
          "schema_version": 0,
          "attributes": {
            "aliases": null,
            "analysis_analyzer": null,
            "analysis_char_filter": null,
            "analysis_filter": null,
            "analysis_normalizer": null,
            "analysis_tokenizer": null,
            "analyze_max_token_count": null,
            "auto_expand_replicas": null,
            "blocks_metadata": null,
            "blocks_read": null,
            "blocks_read_only": null,
            "blocks_read_only_allow_delete": null,
            "blocks_write": null,
            "codec": null,
            "default_pipeline": null,
            "force_destroy": true,
            "gc_deletes": null,
            "highlight_max_analyzed_offset": null,
            "id": "bedrock-knowledge-base-default-index",
            "include_type_name": null,
            "index_knn": true,
            "index_knn_algo_param_ef_search": "512",
            "index_similarity_default": null,
            "indexing_slowlog_level": null,
            "indexing_slowlog_source": null,
            "indexing_slowlog_threshold_index_debug": null,
            "indexing_slowlog_threshold_index_info": null,
            "indexing_slowlog_threshold_index_trace": null,
            "indexing_slowlog_threshold_index_warn": null,
            "load_fixed_bitset_filters_eagerly": null,
            "mappings": "{\"properties\":{\"AMAZON_BEDROCK_METADATA\":{\"index\":false,\"type\":\"text\"},\"AMAZON_BEDROCK_TEXT_CHUNK\":{\"type\":\"text\"},\"bedrock-knowledge-base-default-vector\":{\"dimension\":1024,\"method\":{\"engine\":\"faiss\",\"name\":\"hnsw\",\"parameters\":{\"ef_construction\":512,\"m\":16},\"space_type\":\"l2\"},\"type\":\"knn_vector\"}}}",
            "max_docvalue_fields_search": null,
            "max_inner_result_window": null,
            "max_ngram_diff": null,
            "max_refresh_listeners": null,
            "max_regex_length": null,
            "max_rescore_window": null,
            "max_result_window": null,
            "max_script_fields": null,
            "max_shingle_diff": null,
            "max_terms_count": null,
            "name": "bedrock-knowledge-base-default-index",
            "number_of_replicas": "0",
            "number_of_routing_shards": null,
            "number_of_shards": "2",
            "refresh_interval": null,
            "rollover_alias": null,
            "routing_allocation_enable": null,
            "routing_partition_size": null,
            "routing_rebalance_enable": null,
            "search_idle_after": null,
            "search_slowlog_level": null,
            "search_slowlog_threshold_fetch_debug": null,
            "search_slowlog_threshold_fetch_info": null,
            "search_slowlog_threshold_fetch_trace": null,
            "search_slowlog_threshold_fetch_warn": null,
            "search_slowlog_threshold_query_debug": null,
            "search_slowlog_threshold_query_info": null,
            "search_slowlog_threshold_query_trace": null,
            "search_slowlog_threshold_query_warn": null,
            "shard_check_on_startup": null,
            "sort_field": null,
            "sort_order": null
          },
          "sensitive_attributes": [],
          "private": "bnVsbA==",
          "dependencies": [
            "module.bedrock.aws_opensearchserverless_collection.schema_kb",
            "module.bedrock.aws_opensearchserverless_security_policy.encryption_policy"
          ]
        }
      ]
    }
  ],
  "check_results": null
}
