{
  "version": 4,
  "terraform_version": "1.11.4",
  "serial": 595,
  "lineage": "ba30ff07-a1d4-8aba-e274-4cdab9c9ea64",
  "outputs": {},
  "resources": [
    {
      "module": "module.bedrock",
      "mode": "managed",
      "type": "aws_opensearchserverless_collection",
      "name": "query_history_kb",
      "provider": "provider[\"registry.terraform.io/hashicorp/aws\"]",
      "instances": [
        {
          "schema_version": 0,
          "attributes": {
            "arn": "arn:aws:aoss:us-east-1:952262428733:collection/30at11k3xh977ysujez0",
            "collection_endpoint": "https://30at11k3xh977ysujez0.us-east-1.aoss.amazonaws.com",
            "dashboard_endpoint": "https://30at11k3xh977ysujez0.us-east-1.aoss.amazonaws.com/_dashboards",
            "description": null,
            "id": "30at11k3xh977ysujez0",
            "kms_key_arn": "auto",
            "name": "query-history-kb",
            "standby_replicas": "ENABLED",
            "tags": null,
            "tags_all": {},
            "timeouts": null,
            "type": "VECTORSEARCH"
          },
          "sensitive_attributes": [],
          "dependencies": [
            "module.bedrock.aws_opensearchserverless_security_policy.query_history_encryption_policy"
          ]
        }
      ]
    },
    {
      "module": "module.bedrock",
      "mode": "managed",
      "type": "aws_opensearchserverless_security_policy",
      "name": "encryption_policy",
      "provider": "provider[\"registry.terraform.io/hashicorp/aws\"]",
      "instances": [
        {
          "schema_version": 0,
          "attributes": {
            "description": null,
            "id": "opensearch-encryption-policy",
            "name": "opensearch-encryption-policy",
            "policy": "{\"AWSOwnedKey\":true,\"Rules\":[{\"Resource\":[\"collection/schema-kb\"],\"ResourceType\":\"collection\"}]}",
            "policy_version": "MTc0NDY5NTM1MjY1MF8x",
            "type": "encryption"
          },
          "sensitive_attributes": []
        }
      ]
    },
    {
      "module": "module.bedrock",
      "mode": "managed",
      "type": "aws_opensearchserverless_security_policy",
      "name": "query_history_encryption_policy",
      "provider": "provider[\"registry.terraform.io/hashicorp/aws\"]",
      "instances": [
        {
          "schema_version": 0,
          "attributes": {
            "description": null,
            "id": "encryption-policy-query-history",
            "name": "encryption-policy-query-history",
            "policy": "{\"AWSOwnedKey\":true,\"Rules\":[{\"Resource\":[\"collection/query-history-kb\"],\"ResourceType\":\"collection\"}]}",
            "policy_version": "MTc0NDY5NTM1MjMyNl8x",
            "type": "encryption"
          },
          "sensitive_attributes": []
        }
      ]
    }
  ],
  "check_results": null
}
